
Microsoft Visual Studio Solution File, Format Version 12.00
# Visual Studio 2013
VisualStudioVersion = 12.0.30723.0
MinimumVisualStudioVersion = 10.0.40219.1
Project("{FAE04EC0-301F-11D3-BF4B-00C04F79EFBC}") = "BikeR.Web", "BikeR.Web\BikeR.Web.csproj", "{D69F49C4-A091-4F9D-AF8E-90E46F13D3D0}"
EndProject
Project("{2150E333-8FDC-42A3-9474-1A3956D46DE8}") = "PublishScripts", "PublishScripts", "{E57D6BD1-B6D4-43C9-841C-27B3D6DEC756}"
	ProjectSection(SolutionItems) = preProject
		PublishScripts\AzureWebAppPublishModule.psm1 = PublishScripts\AzureWebAppPublishModule.psm1
		PublishScripts\Publish-WebApplication.ps1 = PublishScripts\Publish-WebApplication.ps1
	EndProjectSection
EndProject
Project("{2150E333-8FDC-42A3-9474-1A3956D46DE8}") = "Configurations", "Configurations", "{7630016F-FFBF-40B9-89D9-21FDFFC544D6}"
	ProjectSection(SolutionItems) = preProject
		PublishScripts\Configurations\BikeRWeb-WAWS-dev.json = PublishScripts\Configurations\BikeRWeb-WAWS-dev.json
	EndProjectSection
EndProject
Project("{2150E333-8FDC-42A3-9474-1A3956D46DE8}") = ".nuget", ".nuget", "{7558241A-892E-4BC3-B6C9-FF8E0275A15B}"
	ProjectSection(SolutionItems) = preProject
		.nuget\NuGet.Config = .nuget\NuGet.Config
		.nuget\NuGet.exe = .nuget\NuGet.exe
		.nuget\NuGet.targets = .nuget\NuGet.targets
	EndProjectSection
EndProject
Project("{FAE04EC0-301F-11D3-BF4B-00C04F79EFBC}") = "BikeR.WPApp", "BikeR.WPApp\BikeR.WPApp.csproj", "{8AB3792E-33F0-4D06-B6DF-660E4C5064B8}"
EndProject
Project("{FAE04EC0-301F-11D3-BF4B-00C04F79EFBC}") = "BikeR.MobileWs", "BikeR.MobileWs\BikeR.MobileWs.csproj", "{65EEC3EB-6015-4F0F-9529-E9CA121CDEF2}"
EndProject
Global
	GlobalSection(SolutionConfigurationPlatforms) = preSolution
		Azure-Debug|Any CPU = Azure-Debug|Any CPU
		Azure-Debug|ARM = Azure-Debug|ARM
		Azure-Debug|x86 = Azure-Debug|x86
		Azure-Release|Any CPU = Azure-Release|Any CPU
		Azure-Release|ARM = Azure-Release|ARM
		Azure-Release|x86 = Azure-Release|x86
		Debug|Any CPU = Debug|Any CPU
		Debug|ARM = Debug|ARM
		Debug|x86 = Debug|x86
		Home-Debug|Any CPU = Home-Debug|Any CPU
		Home-Debug|ARM = Home-Debug|ARM
		Home-Debug|x86 = Home-Debug|x86
		Home-Release|Any CPU = Home-Release|Any CPU
		Home-Release|ARM = Home-Release|ARM
		Home-Release|x86 = Home-Release|x86
		Release|Any CPU = Release|Any CPU
		Release|ARM = Release|ARM
		Release|x86 = Release|x86
		Work-Debug|Any CPU = Work-Debug|Any CPU
		Work-Debug|ARM = Work-Debug|ARM
		Work-Debug|x86 = Work-Debug|x86
		Work-Release|Any CPU = Work-Release|Any CPU
		Work-Release|ARM = Work-Release|ARM
		Work-Release|x86 = Work-Release|x86
	EndGlobalSection
	GlobalSection(ProjectConfigurationPlatforms) = postSolution
		{D69F49C4-A091-4F9D-AF8E-90E46F13D3D0}.Azure-Debug|Any CPU.ActiveCfg = Azure-Debug|Any CPU
		{D69F49C4-A091-4F9D-AF8E-90E46F13D3D0}.Azure-Debug|Any CPU.Build.0 = Azure-Debug|Any CPU
		{D69F49C4-A091-4F9D-AF8E-90E46F13D3D0}.Azure-Debug|ARM.ActiveCfg = Azure-Debug|Any CPU
		{D69F49C4-A091-4F9D-AF8E-90E46F13D3D0}.Azure-Debug|x86.ActiveCfg = Azure-Debug|Any CPU
		{D69F49C4-A091-4F9D-AF8E-90E46F13D3D0}.Azure-Release|Any CPU.ActiveCfg = Azure-Release|Any CPU
		{D69F49C4-A091-4F9D-AF8E-90E46F13D3D0}.Azure-Release|Any CPU.Build.0 = Azure-Release|Any CPU
		{D69F49C4-A091-4F9D-AF8E-90E46F13D3D0}.Azure-Release|ARM.ActiveCfg = Azure-Release|Any CPU
		{D69F49C4-A091-4F9D-AF8E-90E46F13D3D0}.Azure-Release|x86.ActiveCfg = Azure-Release|Any CPU
		{D69F49C4-A091-4F9D-AF8E-90E46F13D3D0}.Debug|Any CPU.ActiveCfg = Debug|Any CPU
		{D69F49C4-A091-4F9D-AF8E-90E46F13D3D0}.Debug|Any CPU.Build.0 = Debug|Any CPU
		{D69F49C4-A091-4F9D-AF8E-90E46F13D3D0}.Debug|ARM.ActiveCfg = Debug|Any CPU
		{D69F49C4-A091-4F9D-AF8E-90E46F13D3D0}.Debug|x86.ActiveCfg = Debug|Any CPU
		{D69F49C4-A091-4F9D-AF8E-90E46F13D3D0}.Home-Debug|Any CPU.ActiveCfg = Home-Debug|Any CPU
		{D69F49C4-A091-4F9D-AF8E-90E46F13D3D0}.Home-Debug|Any CPU.Build.0 = Home-Debug|Any CPU
		{D69F49C4-A091-4F9D-AF8E-90E46F13D3D0}.Home-Debug|ARM.ActiveCfg = Home-Debug|Any CPU
		{D69F49C4-A091-4F9D-AF8E-90E46F13D3D0}.Home-Debug|x86.ActiveCfg = Home-Debug|Any CPU
		{D69F49C4-A091-4F9D-AF8E-90E46F13D3D0}.Home-Release|Any CPU.ActiveCfg = Home-Release|Any CPU
		{D69F49C4-A091-4F9D-AF8E-90E46F13D3D0}.Home-Release|Any CPU.Build.0 = Home-Release|Any CPU
		{D69F49C4-A091-4F9D-AF8E-90E46F13D3D0}.Home-Release|ARM.ActiveCfg = Home-Release|Any CPU
		{D69F49C4-A091-4F9D-AF8E-90E46F13D3D0}.Home-Release|x86.ActiveCfg = Home-Release|Any CPU
		{D69F49C4-A091-4F9D-AF8E-90E46F13D3D0}.Release|Any CPU.ActiveCfg = Release|Any CPU
		{D69F49C4-A091-4F9D-AF8E-90E46F13D3D0}.Release|Any CPU.Build.0 = Release|Any CPU
		{D69F49C4-A091-4F9D-AF8E-90E46F13D3D0}.Release|ARM.ActiveCfg = Release|Any CPU
		{D69F49C4-A091-4F9D-AF8E-90E46F13D3D0}.Release|x86.ActiveCfg = Release|Any CPU
		{D69F49C4-A091-4F9D-AF8E-90E46F13D3D0}.Work-Debug|Any CPU.ActiveCfg = Work-Debug|Any CPU
		{D69F49C4-A091-4F9D-AF8E-90E46F13D3D0}.Work-Debug|Any CPU.Build.0 = Work-Debug|Any CPU
		{D69F49C4-A091-4F9D-AF8E-90E46F13D3D0}.Work-Debug|ARM.ActiveCfg = Work-Debug|Any CPU
		{D69F49C4-A091-4F9D-AF8E-90E46F13D3D0}.Work-Debug|x86.ActiveCfg = Work-Debug|Any CPU
		{D69F49C4-A091-4F9D-AF8E-90E46F13D3D0}.Work-Release|Any CPU.ActiveCfg = Work-Release|Any CPU
		{D69F49C4-A091-4F9D-AF8E-90E46F13D3D0}.Work-Release|Any CPU.Build.0 = Work-Release|Any CPU
		{D69F49C4-A091-4F9D-AF8E-90E46F13D3D0}.Work-Release|ARM.ActiveCfg = Work-Release|Any CPU
		{D69F49C4-A091-4F9D-AF8E-90E46F13D3D0}.Work-Release|x86.ActiveCfg = Work-Release|Any CPU
		{8AB3792E-33F0-4D06-B6DF-660E4C5064B8}.Azure-Debug|Any CPU.ActiveCfg = Debug|Any CPU
		{8AB3792E-33F0-4D06-B6DF-660E4C5064B8}.Azure-Debug|Any CPU.Build.0 = Debug|Any CPU
		{8AB3792E-33F0-4D06-B6DF-660E4C5064B8}.Azure-Debug|Any CPU.Deploy.0 = Debug|Any CPU
		{8AB3792E-33F0-4D06-B6DF-660E4C5064B8}.Azure-Debug|ARM.ActiveCfg = Debug|ARM
		{8AB3792E-33F0-4D06-B6DF-660E4C5064B8}.Azure-Debug|ARM.Build.0 = Debug|ARM
		{8AB3792E-33F0-4D06-B6DF-660E4C5064B8}.Azure-Debug|ARM.Deploy.0 = Debug|ARM
		{8AB3792E-33F0-4D06-B6DF-660E4C5064B8}.Azure-Debug|x86.ActiveCfg = Debug|x86
		{8AB3792E-33F0-4D06-B6DF-660E4C5064B8}.Azure-Debug|x86.Build.0 = Debug|x86
		{8AB3792E-33F0-4D06-B6DF-660E4C5064B8}.Azure-Debug|x86.Deploy.0 = Debug|x86
		{8AB3792E-33F0-4D06-B6DF-660E4C5064B8}.Azure-Release|Any CPU.ActiveCfg = Release|Any CPU
		{8AB3792E-33F0-4D06-B6DF-660E4C5064B8}.Azure-Release|Any CPU.Build.0 = Release|Any CPU
		{8AB3792E-33F0-4D06-B6DF-660E4C5064B8}.Azure-Release|Any CPU.Deploy.0 = Release|Any CPU
		{8AB3792E-33F0-4D06-B6DF-660E4C5064B8}.Azure-Release|ARM.ActiveCfg = Release|ARM
		{8AB3792E-33F0-4D06-B6DF-660E4C5064B8}.Azure-Release|ARM.Build.0 = Release|ARM
		{8AB3792E-33F0-4D06-B6DF-660E4C5064B8}.Azure-Release|ARM.Deploy.0 = Release|ARM
		{8AB3792E-33F0-4D06-B6DF-660E4C5064B8}.Azure-Release|x86.ActiveCfg = Release|x86
		{8AB3792E-33F0-4D06-B6DF-660E4C5064B8}.Azure-Release|x86.Build.0 = Release|x86
		{8AB3792E-33F0-4D06-B6DF-660E4C5064B8}.Azure-Release|x86.Deploy.0 = Release|x86
		{8AB3792E-33F0-4D06-B6DF-660E4C5064B8}.Debug|Any CPU.ActiveCfg = Debug|Any CPU
		{8AB3792E-33F0-4D06-B6DF-660E4C5064B8}.Debug|Any CPU.Build.0 = Debug|Any CPU
		{8AB3792E-33F0-4D06-B6DF-660E4C5064B8}.Debug|Any CPU.Deploy.0 = Debug|Any CPU
		{8AB3792E-33F0-4D06-B6DF-660E4C5064B8}.Debug|ARM.ActiveCfg = Debug|ARM
		{8AB3792E-33F0-4D06-B6DF-660E4C5064B8}.Debug|ARM.Build.0 = Debug|ARM
		{8AB3792E-33F0-4D06-B6DF-660E4C5064B8}.Debug|ARM.Deploy.0 = Debug|ARM
		{8AB3792E-33F0-4D06-B6DF-660E4C5064B8}.Debug|x86.ActiveCfg = Debug|x86
		{8AB3792E-33F0-4D06-B6DF-660E4C5064B8}.Debug|x86.Build.0 = Debug|x86
		{8AB3792E-33F0-4D06-B6DF-660E4C5064B8}.Debug|x86.Deploy.0 = Debug|x86
		{8AB3792E-33F0-4D06-B6DF-660E4C5064B8}.Home-Debug|Any CPU.ActiveCfg = Debug|Any CPU
		{8AB3792E-33F0-4D06-B6DF-660E4C5064B8}.Home-Debug|Any CPU.Build.0 = Debug|Any CPU
		{8AB3792E-33F0-4D06-B6DF-660E4C5064B8}.Home-Debug|Any CPU.Deploy.0 = Debug|Any CPU
		{8AB3792E-33F0-4D06-B6DF-660E4C5064B8}.Home-Debug|ARM.ActiveCfg = Debug|ARM
		{8AB3792E-33F0-4D06-B6DF-660E4C5064B8}.Home-Debug|ARM.Build.0 = Debug|ARM
		{8AB3792E-33F0-4D06-B6DF-660E4C5064B8}.Home-Debug|ARM.Deploy.0 = Debug|ARM
		{8AB3792E-33F0-4D06-B6DF-660E4C5064B8}.Home-Debug|x86.ActiveCfg = Debug|x86
		{8AB3792E-33F0-4D06-B6DF-660E4C5064B8}.Home-Debug|x86.Build.0 = Debug|x86
		{8AB3792E-33F0-4D06-B6DF-660E4C5064B8}.Home-Debug|x86.Deploy.0 = Debug|x86
		{8AB3792E-33F0-4D06-B6DF-660E4C5064B8}.Home-Release|Any CPU.ActiveCfg = Release|Any CPU
		{8AB3792E-33F0-4D06-B6DF-660E4C5064B8}.Home-Release|Any CPU.Build.0 = Release|Any CPU
		{8AB3792E-33F0-4D06-B6DF-660E4C5064B8}.Home-Release|Any CPU.Deploy.0 = Release|Any CPU
		{8AB3792E-33F0-4D06-B6DF-660E4C5064B8}.Home-Release|ARM.ActiveCfg = Release|ARM
		{8AB3792E-33F0-4D06-B6DF-660E4C5064B8}.Home-Release|ARM.Build.0 = Release|ARM
		{8AB3792E-33F0-4D06-B6DF-660E4C5064B8}.Home-Release|ARM.Deploy.0 = Release|ARM
		{8AB3792E-33F0-4D06-B6DF-660E4C5064B8}.Home-Release|x86.ActiveCfg = Release|x86
		{8AB3792E-33F0-4D06-B6DF-660E4C5064B8}.Home-Release|x86.Build.0 = Release|x86
		{8AB3792E-33F0-4D06-B6DF-660E4C5064B8}.Home-Release|x86.Deploy.0 = Release|x86
		{8AB3792E-33F0-4D06-B6DF-660E4C5064B8}.Release|Any CPU.ActiveCfg = Release|Any CPU
		{8AB3792E-33F0-4D06-B6DF-660E4C5064B8}.Release|Any CPU.Build.0 = Release|Any CPU
		{8AB3792E-33F0-4D06-B6DF-660E4C5064B8}.Release|Any CPU.Deploy.0 = Release|Any CPU
		{8AB3792E-33F0-4D06-B6DF-660E4C5064B8}.Release|ARM.ActiveCfg = Release|ARM
		{8AB3792E-33F0-4D06-B6DF-660E4C5064B8}.Release|ARM.Build.0 = Release|ARM
		{8AB3792E-33F0-4D06-B6DF-660E4C5064B8}.Release|ARM.Deploy.0 = Release|ARM
		{8AB3792E-33F0-4D06-B6DF-660E4C5064B8}.Release|x86.ActiveCfg = Release|x86
		{8AB3792E-33F0-4D06-B6DF-660E4C5064B8}.Release|x86.Build.0 = Release|x86
		{8AB3792E-33F0-4D06-B6DF-660E4C5064B8}.Release|x86.Deploy.0 = Release|x86
		{8AB3792E-33F0-4D06-B6DF-660E4C5064B8}.Work-Debug|Any CPU.ActiveCfg = Debug|Any CPU
		{8AB3792E-33F0-4D06-B6DF-660E4C5064B8}.Work-Debug|Any CPU.Build.0 = Debug|Any CPU
		{8AB3792E-33F0-4D06-B6DF-660E4C5064B8}.Work-Debug|Any CPU.Deploy.0 = Debug|Any CPU
		{8AB3792E-33F0-4D06-B6DF-660E4C5064B8}.Work-Debug|ARM.ActiveCfg = Debug|ARM
		{8AB3792E-33F0-4D06-B6DF-660E4C5064B8}.Work-Debug|ARM.Build.0 = Debug|ARM
		{8AB3792E-33F0-4D06-B6DF-660E4C5064B8}.Work-Debug|ARM.Deploy.0 = Debug|ARM
		{8AB3792E-33F0-4D06-B6DF-660E4C5064B8}.Work-Debug|x86.ActiveCfg = Debug|x86
		{8AB3792E-33F0-4D06-B6DF-660E4C5064B8}.Work-Debug|x86.Build.0 = Debug|x86
		{8AB3792E-33F0-4D06-B6DF-660E4C5064B8}.Work-Debug|x86.Deploy.0 = Debug|x86
		{8AB3792E-33F0-4D06-B6DF-660E4C5064B8}.Work-Release|Any CPU.ActiveCfg = Release|Any CPU
		{8AB3792E-33F0-4D06-B6DF-660E4C5064B8}.Work-Release|Any CPU.Build.0 = Release|Any CPU
		{8AB3792E-33F0-4D06-B6DF-660E4C5064B8}.Work-Release|Any CPU.Deploy.0 = Release|Any CPU
		{8AB3792E-33F0-4D06-B6DF-660E4C5064B8}.Work-Release|ARM.ActiveCfg = Release|ARM
		{8AB3792E-33F0-4D06-B6DF-660E4C5064B8}.Work-Release|ARM.Build.0 = Release|ARM
		{8AB3792E-33F0-4D06-B6DF-660E4C5064B8}.Work-Release|ARM.Deploy.0 = Release|ARM
		{8AB3792E-33F0-4D06-B6DF-660E4C5064B8}.Work-Release|x86.ActiveCfg = Release|x86
		{8AB3792E-33F0-4D06-B6DF-660E4C5064B8}.Work-Release|x86.Build.0 = Release|x86
		{8AB3792E-33F0-4D06-B6DF-660E4C5064B8}.Work-Release|x86.Deploy.0 = Release|x86
		{65EEC3EB-6015-4F0F-9529-E9CA121CDEF2}.Azure-Debug|Any CPU.ActiveCfg = Debug|Any CPU
		{65EEC3EB-6015-4F0F-9529-E9CA121CDEF2}.Azure-Debug|Any CPU.Build.0 = Debug|Any CPU
		{65EEC3EB-6015-4F0F-9529-E9CA121CDEF2}.Azure-Debug|ARM.ActiveCfg = Debug|Any CPU
		{65EEC3EB-6015-4F0F-9529-E9CA121CDEF2}.Azure-Debug|x86.ActiveCfg = Debug|Any CPU
		{65EEC3EB-6015-4F0F-9529-E9CA121CDEF2}.Azure-Release|Any CPU.ActiveCfg = Release|Any CPU
		{65EEC3EB-6015-4F0F-9529-E9CA121CDEF2}.Azure-Release|Any CPU.Build.0 = Release|Any CPU
		{65EEC3EB-6015-4F0F-9529-E9CA121CDEF2}.Azure-Release|ARM.ActiveCfg = Release|Any CPU
		{65EEC3EB-6015-4F0F-9529-E9CA121CDEF2}.Azure-Release|x86.ActiveCfg = Release|Any CPU
		{65EEC3EB-6015-4F0F-9529-E9CA121CDEF2}.Debug|Any CPU.ActiveCfg = Debug|Any CPU
		{65EEC3EB-6015-4F0F-9529-E9CA121CDEF2}.Debug|Any CPU.Build.0 = Debug|Any CPU
		{65EEC3EB-6015-4F0F-9529-E9CA121CDEF2}.Debug|ARM.ActiveCfg = Debug|Any CPU
		{65EEC3EB-6015-4F0F-9529-E9CA121CDEF2}.Debug|x86.ActiveCfg = Debug|Any CPU
		{65EEC3EB-6015-4F0F-9529-E9CA121CDEF2}.Home-Debug|Any CPU.ActiveCfg = Debug|Any CPU
		{65EEC3EB-6015-4F0F-9529-E9CA121CDEF2}.Home-Debug|Any CPU.Build.0 = Debug|Any CPU
		{65EEC3EB-6015-4F0F-9529-E9CA121CDEF2}.Home-Debug|ARM.ActiveCfg = Debug|Any CPU
		{65EEC3EB-6015-4F0F-9529-E9CA121CDEF2}.Home-Debug|x86.ActiveCfg = Debug|Any CPU
		{65EEC3EB-6015-4F0F-9529-E9CA121CDEF2}.Home-Release|Any CPU.ActiveCfg = Release|Any CPU
		{65EEC3EB-6015-4F0F-9529-E9CA121CDEF2}.Home-Release|Any CPU.Build.0 = Release|Any CPU
		{65EEC3EB-6015-4F0F-9529-E9CA121CDEF2}.Home-Release|ARM.ActiveCfg = Release|Any CPU
		{65EEC3EB-6015-4F0F-9529-E9CA121CDEF2}.Home-Release|x86.ActiveCfg = Release|Any CPU
		{65EEC3EB-6015-4F0F-9529-E9CA121CDEF2}.Release|Any CPU.ActiveCfg = Release|Any CPU
		{65EEC3EB-6015-4F0F-9529-E9CA121CDEF2}.Release|Any CPU.Build.0 = Release|Any CPU
		{65EEC3EB-6015-4F0F-9529-E9CA121CDEF2}.Release|ARM.ActiveCfg = Release|Any CPU
		{65EEC3EB-6015-4F0F-9529-E9CA121CDEF2}.Release|x86.ActiveCfg = Release|Any CPU
		{65EEC3EB-6015-4F0F-9529-E9CA121CDEF2}.Work-Debug|Any CPU.ActiveCfg = Debug|Any CPU
		{65EEC3EB-6015-4F0F-9529-E9CA121CDEF2}.Work-Debug|Any CPU.Build.0 = Debug|Any CPU
		{65EEC3EB-6015-4F0F-9529-E9CA121CDEF2}.Work-Debug|ARM.ActiveCfg = Debug|Any CPU
		{65EEC3EB-6015-4F0F-9529-E9CA121CDEF2}.Work-Debug|x86.ActiveCfg = Debug|Any CPU
		{65EEC3EB-6015-4F0F-9529-E9CA121CDEF2}.Work-Release|Any CPU.ActiveCfg = Release|Any CPU
		{65EEC3EB-6015-4F0F-9529-E9CA121CDEF2}.Work-Release|Any CPU.Build.0 = Release|Any CPU
		{65EEC3EB-6015-4F0F-9529-E9CA121CDEF2}.Work-Release|ARM.ActiveCfg = Release|Any CPU
		{65EEC3EB-6015-4F0F-9529-E9CA121CDEF2}.Work-Release|x86.ActiveCfg = Release|Any CPU
	EndGlobalSection
	GlobalSection(SolutionProperties) = preSolution
		HideSolutionNode = FALSE
	EndGlobalSection
	GlobalSection(NestedProjects) = preSolution
		{7630016F-FFBF-40B9-89D9-21FDFFC544D6} = {E57D6BD1-B6D4-43C9-841C-27B3D6DEC756}
	EndGlobalSection
EndGlobal
